
Microsoft Visual Studio Solution File, Format Version 12.00
# Visual Studio Version 16
VisualStudioVersion = 16.0.29709.97
MinimumVisualStudioVersion = 10.0.40219.1
Project("{9A19103F-16F7-4668-BE54-9A1E7A4F7556}") = "WordsCounterTestTask", "WordsCounterTestTask.csproj", "{5E612C59-46D2-4A3D-A330-629B08B6B181}"
EndProject
Project("{FAE04EC0-301F-11D3-BF4B-00C04F79EFBC}") = "WordsCounterTests", "..\WordsCounterTests\WordsCounterTests.csproj", "{D9448A57-2428-4714-A77F-BEC0FE459FCE}"
EndProject
Global
	GlobalSection(SolutionConfigurationPlatforms) = preSolution
		Debug|Any CPU = Debug|Any CPU
		Release|Any CPU = Release|Any CPU
	EndGlobalSection
	GlobalSection(ProjectConfigurationPlatforms) = postSolution
		{5E612C59-46D2-4A3D-A330-629B08B6B181}.Debug|Any CPU.ActiveCfg = Debug|Any CPU
		{5E612C59-46D2-4A3D-A330-629B08B6B181}.Debug|Any CPU.Build.0 = Debug|Any CPU
		{5E612C59-46D2-4A3D-A330-629B08B6B181}.Release|Any CPU.ActiveCfg = Release|Any CPU
		{5E612C59-46D2-4A3D-A330-629B08B6B181}.Release|Any CPU.Build.0 = Release|Any CPU
		{D9448A57-2428-4714-A77F-BEC0FE459FCE}.Debug|Any CPU.ActiveCfg = Debug|Any CPU
		{D9448A57-2428-4714-A77F-BEC0FE459FCE}.Debug|Any CPU.Build.0 = Debug|Any CPU
		{D9448A57-2428-4714-A77F-BEC0FE459FCE}.Release|Any CPU.ActiveCfg = Release|Any CPU
		{D9448A57-2428-4714-A77F-BEC0FE459FCE}.Release|Any CPU.Build.0 = Release|Any CPU
	EndGlobalSection
	GlobalSection(SolutionProperties) = preSolution
		HideSolutionNode = FALSE
	EndGlobalSection
	GlobalSection(ExtensibilityGlobals) = postSolution
		SolutionGuid = {ECA3C821-6A97-4B83-9AD2-4D44E2D46BE1}
	EndGlobalSection
EndGlobal
